<?xml version="1.0" encoding="UTF-8"?>
<Scheme
   LastUpgradeVersion = "0810"
   version = "1.3">
   <BuildAction
      parallelizeBuildables = "YES"
      buildImplicitDependencies = "YES">
      <BuildActionEntries>
         <BuildActionEntry
            buildForTesting = "YES"
            buildForRunning = "YES"
            buildForProfiling = "YES"
            buildForArchiving = "YES"
            buildForAnalyzing = "YES">
            <BuildableReference
               BuildableIdentifier = "primary"
               BlueprintIdentifier = "E5A8B0E01E14F7E500B6EB55"
               BuildableName = "Project13-FilterGaussianBlur.app"
               BlueprintName = "Project13-FilterGaussianBlur"
               ReferencedContainer = "container:Project13-FilterGaussianBlur.xcodeproj">
            </BuildableReference>
         </BuildActionEntry>
      </BuildActionEntries>
   </BuildAction>
   <TestAction
      buildConfiguration = "Debug"
      selectedDebuggerIdentifier = "Xcode.DebuggerFoundation.Debugger.LLDB"
      selectedLauncherIdentifier = "Xcode.DebuggerFoundation.Launcher.LLDB"
      shouldUseLaunchSchemeArgsEnv = "YES">
      <Testables>
         <TestableReference
            skipped = "NO">
            <BuildableReference
               BuildableIdentifier = "primary"
               BlueprintIdentifier = "E5A8B0F41E14F7E500B6EB55"
               BuildableName = "Project13-FilterGaussianBlurTests.xctest"
               BlueprintName = "Project13-FilterGaussianBlurTests"
               ReferencedContainer = "container:Project13-FilterGaussianBlur.xcodeproj">
            </BuildableReference>
         </TestableReference>
         <TestableReference
            skipped = "NO">
            <BuildableReference
               BuildableIdentifier = "primary"
               BlueprintIdentifier = "E5A8B0FF1E14F7E500B6EB55"
               BuildableName = "Project13-FilterGaussianBlurUITests.xctest"
               BlueprintName = "Project13-FilterGaussianBlurUITests"
               ReferencedContainer = "container:Project13-FilterGaussianBlur.xcodeproj">
            </BuildableReference>
         </TestableReference>
      </Testables>
      <MacroExpansion>
         <BuildableReference
            BuildableIdentifier = "primary"
            BlueprintIdentifier = "E5A8B0E01E14F7E500B6EB55"
            BuildableName = "Project13-FilterGaussianBlur.app"
            BlueprintName = "Project13-FilterGaussianBlur"
            ReferencedContainer = "container:Project13-FilterGaussianBlur.xcodeproj">
         </BuildableReference>
      </MacroExpansion>
      <AdditionalOptions>
      </AdditionalOptions>
   </TestAction>
   <LaunchAction
      buildConfiguration = "Debug"
      selectedDebuggerIdentifier = "Xcode.DebuggerFoundation.Debugger.LLDB"
      selectedLauncherIdentifier = "Xcode.DebuggerFoundation.Launcher.LLDB"
      launchStyle = "0"
      useCustomWorkingDirectory = "NO"
      ignoresPersistentStateOnLaunch = "NO"
      debugDocumentVersioning = "YES"
      debugServiceExtension = "internal"
      allowLocationSimulation = "YES">
      <BuildableProductRunnable
         runnableDebuggingMode = "0">
         <BuildableReference
            BuildableIdentifier = "primary"
            BlueprintIdentifier = "E5A8B0E01E14F7E500B6EB55"
            BuildableName = "Project13-FilterGaussianBlur.app"
            BlueprintName = "Project13-FilterGaussianBlur"
            ReferencedContainer = "container:Project13-FilterGaussianBlur.xcodeproj">
         </BuildableReference>
      </BuildableProductRunnable>
      <AdditionalOptions>
      </AdditionalOptions>
   </LaunchAction>
   <ProfileAction
      buildConfiguration = "Release"
      shouldUseLaunchSchemeArgsEnv = "YES"
      savedToolIdentifier = ""
      useCustomWorkingDirectory = "NO"
      debugDocumentVersioning = "YES">
      <BuildableProductRunnable
         runnableDebuggingMode = "0">
         <BuildableReference
            BuildableIdentifier = "primary"
            BlueprintIdentifier = "E5A8B0E01E14F7E500B6EB55"
            BuildableName = "Project13-FilterGaussianBlur.app"
            BlueprintName = "Project13-FilterGaussianBlur"
            ReferencedContainer = "container:Project13-FilterGaussianBlur.xcodeproj">
         </BuildableReference>
      </BuildableProductRunnable>
   </ProfileAction>
   <AnalyzeAction
      buildConfiguration = "Debug">
   </AnalyzeAction>
   <ArchiveAction
      buildConfiguration = "Release"
      revealArchiveInOrganizer = "YES">
   </ArchiveAction>
</Scheme>
